
Microsoft Visual Studio Solution File, Format Version 12.00
# Visual Studio Version 18
VisualStudioVersion = 18.6.11822.322
MinimumVisualStudioVersion = 10.0.40219.1
Project("{FAE04EC0-301F-11D3-BF4B-00C04F79EFBC}") = "VulnerableApp", "VulnerableApp.csproj", "{5070DF8A-C895-6E41-5219-F0783663DE97}"
EndProject
Global
	GlobalSection(SolutionConfigurationPlatforms) = preSolution
		Debug|Any CPU = Debug|Any CPU
		Release|Any CPU = Release|Any CPU
	EndGlobalSection
	GlobalSection(ProjectConfigurationPlatforms) = postSolution
		{5070DF8A-C895-6E41-5219-F0783663DE97}.Debug|Any CPU.ActiveCfg = Debug|Any CPU
		{5070DF8A-C895-6E41-5219-F0783663DE97}.Debug|Any CPU.Build.0 = Debug|Any CPU
		{5070DF8A-C895-6E41-5219-F0783663DE97}.Release|Any CPU.ActiveCfg = Release|Any CPU
		{5070DF8A-C895-6E41-5219-F0783663DE97}.Release|Any CPU.Build.0 = Release|Any CPU
	EndGlobalSection
	GlobalSection(SolutionProperties) = preSolution
		HideSolutionNode = FALSE
	EndGlobalSection
	GlobalSection(ExtensibilityGlobals) = postSolution
		SolutionGuid = {DA600A7B-B634-4FA1-AA99-8B9CDBA44BD0}
	EndGlobalSection
EndGlobal
